// !$*UTF8*$!
{
	archiveVersion = 1;
	classes = {
	};
	objectVersion = 48;
	objects = {

/* Begin PBXBuildFile section */
		09419F652062F65000A53AE7 /* AppDelegate.swift in Sources */ = {isa = PBXBuildFile; fileRef = 09419F642062F65000A53AE7 /* AppDelegate.swift */; };
		09419F672062F65000A53AE7 /* ViewController.swift in Sources */ = {isa = PBXBuildFile; fileRef = 09419F662062F65000A53AE7 /* ViewController.swift */; };
		09419F6A2062F65000A53AE7 /* Main.storyboard in Resources */ = {isa = PBXBuildFile; fileRef = 09419F682062F65000A53AE7 /* Main.storyboard */; };
		09419F6C2062F65000A53AE7 /* Assets.xcassets in Resources */ = {isa = PBXBuildFile; fileRef = 09419F6B2062F65000A53AE7 /* Assets.xcassets */; };
		09419F6F2062F65000A53AE7 /* LaunchScreen.storyboard in Resources */ = {isa = PBXBuildFile; fileRef = 09419F6D2062F65000A53AE7 /* LaunchScreen.storyboard */; };
		09419F7A2062F65000A53AE7 /* Pistachio_iOS_ExampleTests.swift in Sources */ = {isa = PBXBuildFile; fileRef = 09419F792062F65000A53AE7 /* Pistachio_iOS_ExampleTests.swift */; };
		09419F8C2062FAB000A53AE7 /* Pistachio.framework in Frameworks */ = {isa = PBXBuildFile; fileRef = 09419F8A2062FAAF00A53AE7 /* Pistachio.framework */; };
		09419F8D2062FAB000A53AE7 /* Pistachio.framework in Frameworks */ = {isa = PBXBuildFile; fileRef = 09419F8B2062FAB000A53AE7 /* Pistachio.framework */; };
		09419F8E2062FD2300A53AE7 /* Pistachio.framework in Frameworks */ = {isa = PBXBuildFile; fileRef = 09419F8B2062FAB000A53AE7 /* Pistachio.framework */; };
		09419F902062FD2300A53AE7 /* Pistachio.framework in Frameworks */ = {isa = PBXBuildFile; fileRef = 09419F8A2062FAAF00A53AE7 /* Pistachio.framework */; };
		09419F912062FD2300A53AE7 /* Pistachio.framework in Embed Frameworks */ = {isa = PBXBuildFile; fileRef = 09419F8A2062FAAF00A53AE7 /* Pistachio.framework */; settings = {ATTRIBUTES = (CodeSignOnCopy, RemoveHeadersOnCopy, ); }; };
/* End PBXBuildFile section */

/* Begin PBXContainerItemProxy section */
		09419F762062F65000A53AE7 /* PBXContainerItemProxy */ = {
			isa = PBXContainerItemProxy;
			containerPortal = 09419F592062F65000A53AE7 /* Project object */;
			proxyType = 1;
			remoteGlobalIDString = 09419F602062F65000A53AE7;
			remoteInfo = "Pistachio-iOS Example";
		};
/* End PBXContainerItemProxy section */

/* Begin PBXCopyFilesBuildPhase section */
		09419F922062FD2300A53AE7 /* Embed Frameworks */ = {
			isa = PBXCopyFilesBuildPhase;
			buildActionMask = 2147483647;
			dstPath = "";
			dstSubfolderSpec = 10;
			files = (
				09419F912062FD2300A53AE7 /* Pistachio.framework in Embed Frameworks */,
			);
			name = "Embed Frameworks";
			runOnlyForDeploymentPostprocessing = 0;
		};
/* End PBXCopyFilesBuildPhase section */

/* Begin PBXFileReference section */
		09419F612062F65000A53AE7 /* Pistachio-iOS Example.app */ = {isa = PBXFileReference; explicitFileType = wrapper.application; includeInIndex = 0; path = "Pistachio-iOS Example.app"; sourceTree = BUILT_PRODUCTS_DIR; };
		09419F642062F65000A53AE7 /* AppDelegate.swift */ = {isa = PBXFileReference; lastKnownFileType = sourcecode.swift; path = AppDelegate.swift; sourceTree = "<group>"; };
		09419F662062F65000A53AE7 /* ViewController.swift */ = {isa = PBXFileReference; lastKnownFileType = sourcecode.swift; path = ViewController.swift; sourceTree = "<group>"; };
		09419F692062F65000A53AE7 /* Base */ = {isa = PBXFileReference; lastKnownFileType = file.storyboard; name = Base; path = Base.lproj/Main.storyboard; sourceTree = "<group>"; };
		09419F6B2062F65000A53AE7 /* Assets.xcassets */ = {isa = PBXFileReference; lastKnownFileType = folder.assetcatalog; path = Assets.xcassets; sourceTree = "<group>"; };
		09419F6E2062F65000A53AE7 /* Base */ = {isa = PBXFileReference; lastKnownFileType = file.storyboard; name = Base; path = Base.lproj/LaunchScreen.storyboard; sourceTree = "<group>"; };
		09419F702062F65000A53AE7 /* Info.plist */ = {isa = PBXFileReference; lastKnownFileType = text.plist.xml; path = Info.plist; sourceTree = "<group>"; };
		09419F752062F65000A53AE7 /* Pistachio-iOS ExampleTests.xctest */ = {isa = PBXFileReference; explicitFileType = wrapper.cfbundle; includeInIndex = 0; path = "Pistachio-iOS ExampleTests.xctest"; sourceTree = BUILT_PRODUCTS_DIR; };
		09419F792062F65000A53AE7 /* Pistachio_iOS_ExampleTests.swift */ = {isa = PBXFileReference; lastKnownFileType = sourcecode.swift; path = Pistachio_iOS_ExampleTests.swift; sourceTree = "<group>"; };
		09419F7B2062F65000A53AE7 /* Info.plist */ = {isa = PBXFileReference; lastKnownFileType = text.plist.xml; path = Info.plist; sourceTree = "<group>"; };
		09419F8A2062FAAF00A53AE7 /* Pistachio.framework */ = {isa = PBXFileReference; lastKnownFileType = wrapper.framework; name = Pistachio.framework; path = ../native/build/konan/bin/iphone_sim/Pistachio.framework; sourceTree = "<group>"; };
		09419F8B2062FAB000A53AE7 /* Pistachio.framework */ = {isa = PBXFileReference; lastKnownFileType = wrapper.framework; name = Pistachio.framework; path = ../native/build/konan/bin/iphone/Pistachio.framework; sourceTree = "<group>"; };
/* End PBXFileReference section */

/* Begin PBXFrameworksBuildPhase section */
		09419F5E2062F65000A53AE7 /* Frameworks */ = {
			isa = PBXFrameworksBuildPhase;
			buildActionMask = 2147483647;
			files = (
				09419F8C2062FAB000A53AE7 /* Pistachio.framework in Frameworks */,
				09419F8E2062FD2300A53AE7 /* Pistachio.framework in Frameworks */,
				09419F8D2062FAB000A53AE7 /* Pistachio.framework in Frameworks */,
				09419F902062FD2300A53AE7 /* Pistachio.framework in Frameworks */,
			);
			runOnlyForDeploymentPostprocessing = 0;
		};
		09419F722062F65000A53AE7 /* Frameworks */ = {
			isa = PBXFrameworksBuildPhase;
			buildActionMask = 2147483647;
			files = (
			);
			runOnlyForDeploymentPostprocessing = 0;
		};
/* End PBXFrameworksBuildPhase section */

/* Begin PBXGroup section */
		09419F582062F65000A53AE7 = {
			isa = PBXGroup;
			children = (
				09419F632062F65000A53AE7 /* Pistachio-iOS Example */,
				09419F782062F65000A53AE7 /* Pistachio-iOS ExampleTests */,
				09419F622062F65000A53AE7 /* Products */,
				09419F8B2062FAB000A53AE7 /* Pistachio.framework */,
				09419F8A2062FAAF00A53AE7 /* Pistachio.framework */,
			);
			sourceTree = "<group>";
		};
		09419F622062F65000A53AE7 /* Products */ = {
			isa = PBXGroup;
			children = (
				09419F612062F65000A53AE7 /* Pistachio-iOS Example.app */,
				09419F752062F65000A53AE7 /* Pistachio-iOS ExampleTests.xctest */,
			);
			name = Products;
			sourceTree = "<group>";
		};
		09419F632062F65000A53AE7 /* Pistachio-iOS Example */ = {
			isa = PBXGroup;
			children = (
				09419F642062F65000A53AE7 /* AppDelegate.swift */,
				09419F662062F65000A53AE7 /* ViewController.swift */,
				09419F682062F65000A53AE7 /* Main.storyboard */,
				09419F6B2062F65000A53AE7 /* Assets.xcassets */,
				09419F6D2062F65000A53AE7 /* LaunchScreen.storyboard */,
				09419F702062F65000A53AE7 /* Info.plist */,
			);
			path = "Pistachio-iOS Example";
			sourceTree = "<group>";
		};
		09419F782062F65000A53AE7 /* Pistachio-iOS ExampleTests */ = {
			isa = PBXGroup;
			children = (
				09419F792062F65000A53AE7 /* Pistachio_iOS_ExampleTests.swift */,
				09419F7B2062F65000A53AE7 /* Info.plist */,
			);
			path = "Pistachio-iOS ExampleTests";
			sourceTree = "<group>";
		};
/* End PBXGroup section */

/* Begin PBXNativeTarget section */
		09419F602062F65000A53AE7 /* Pistachio-iOS Example */ = {
			isa = PBXNativeTarget;
			buildConfigurationList = 09419F7E2062F65000A53AE7 /* Build configuration list for PBXNativeTarget "Pistachio-iOS Example" */;
			buildPhases = (
				09419F5D2062F65000A53AE7 /* Sources */,
				09419F5E2062F65000A53AE7 /* Frameworks */,
				09419F5F2062F65000A53AE7 /* Resources */,
				09419F922062FD2300A53AE7 /* Embed Frameworks */,
			);
			buildRules = (
			);
			dependencies = (
			);
			name = "Pistachio-iOS Example";
			productName = "Pistachio-iOS Example";
			productReference = 09419F612062F65000A53AE7 /* Pistachio-iOS Example.app */;
			productType = "com.apple.product-type.application";
		};
		09419F742062F65000A53AE7 /* Pistachio-iOS ExampleTests */ = {
			isa = PBXNativeTarget;
			buildConfigurationList = 09419F812062F65000A53AE7 /* Build configuration list for PBXNativeTarget "Pistachio-iOS ExampleTests" */;
			buildPhases = (
				09419F712062F65000A53AE7 /* Sources */,
				09419F722062F65000A53AE7 /* Frameworks */,
				09419F732062F65000A53AE7 /* Resources */,
			);
			buildRules = (
			);
			dependencies = (
				09419F772062F65000A53AE7 /* PBXTargetDependency */,
			);
			name = "Pistachio-iOS ExampleTests";
			productName = "Pistachio-iOS ExampleTests";
			productReference = 09419F752062F65000A53AE7 /* Pistachio-iOS ExampleTests.xctest */;
			productType = "com.apple.product-type.bundle.unit-test";
		};
/* End PBXNativeTarget section */

/* Begin PBXProject section */
		09419F592062F65000A53AE7 /* Project object */ = {
			isa = PBXProject;
			attributes = {
				LastSwiftUpdateCheck = 0920;
				LastUpgradeCheck = 0920;
				ORGANIZATIONNAME = "Synapptic Labs";
				TargetAttributes = {
					09419F602062F65000A53AE7 = {
						CreatedOnToolsVersion = 9.2;
						ProvisioningStyle = Automatic;
					};
					09419F742062F65000A53AE7 = {
						CreatedOnToolsVersion = 9.2;
						ProvisioningStyle = Automatic;
						TestTargetID = 09419F602062F65000A53AE7;
					};
				};
			};
			buildConfigurationList = 09419F5C2062F65000A53AE7 /* Build configuration list for PBXProject "Pistachio-iOS Example" */;
			compatibilityVersion = "Xcode 8.0";
			developmentRegion = en;
			hasScannedForEncodings = 0;
			knownRegions = (
				en,
				Base,
			);
			mainGroup = 09419F582062F65000A53AE7;
			productRefGroup = 09419F622062F65000A53AE7 /* Products */;
			projectDirPath = "";
			projectRoot = "";
			targets = (
				09419F602062F65000A53AE7 /* Pistachio-iOS Example */,
				09419F742062F65000A53AE7 /* Pistachio-iOS ExampleTests */,
			);
		};
/* End PBXProject section */

/* Begin PBXResourcesBuildPhase section */
		09419F5F2062F65000A53AE7 /* Resources */ = {
			isa = PBXResourcesBuildPhase;
			buildActionMask = 2147483647;
			files = (
				09419F6F2062F65000A53AE7 /* LaunchScreen.storyboard in Resources */,
				09419F6C2062F65000A53AE7 /* Assets.xcassets in Resources */,
				09419F6A2062F65000A53AE7 /* Main.storyboard in Resources */,
			);
			runOnlyForDeploymentPostprocessing = 0;
		};
		09419F732062F65000A53AE7 /* Resources */ = {
			isa = PBXResourcesBuildPhase;
			buildActionMask = 2147483647;
			files = (
			);
			runOnlyForDeploymentPostprocessing = 0;
		};
/* End PBXResourcesBuildPhase section */

/* Begin PBXSourcesBuildPhase section */
		09419F5D2062F65000A53AE7 /* Sources */ = {
			isa = PBXSourcesBuildPhase;
			buildActionMask = 2147483647;
			files = (
				09419F672062F65000A53AE7 /* ViewController.swift in Sources */,
				09419F652062F65000A53AE7 /* AppDelegate.swift in Sources */,
			);
			runOnlyForDeploymentPostprocessing = 0;
		};
		09419F712062F65000A53AE7 /* Sources */ = {
			isa = PBXSourcesBuildPhase;
			buildActionMask = 2147483647;
			files = (
				09419F7A2062F65000A53AE7 /* Pistachio_iOS_ExampleTests.swift in Sources */,
			);
			runOnlyForDeploymentPostprocessing = 0;
		};
/* End PBXSourcesBuildPhase section */

/* Begin PBXTargetDependency section */
		09419F772062F65000A53AE7 /* PBXTargetDependency */ = {
			isa = PBXTargetDependency;
			target = 09419F602062F65000A53AE7 /* Pistachio-iOS Example */;
			targetProxy = 09419F762062F65000A53AE7 /* PBXContainerItemProxy */;
		};
/* End PBXTargetDependency section */

/* Begin PBXVariantGroup section */
		09419F682062F65000A53AE7 /* Main.storyboard */ = {
			isa = PBXVariantGroup;
			children = (
				09419F692062F65000A53AE7 /* Base */,
			);
			name = Main.storyboard;
			sourceTree = "<group>";
		};
		09419F6D2062F65000A53AE7 /* LaunchScreen.storyboard */ = {
			isa = PBXVariantGroup;
			children = (
				09419F6E2062F65000A53AE7 /* Base */,
			);
			name = LaunchScreen.storyboard;
			sourceTree = "<group>";
		};
/* End PBXVariantGroup section */

/* Begin XCBuildConfiguration section */
		09419F7C2062F65000A53AE7 /* Debug */ = {
			isa = XCBuildConfiguration;
			buildSettings = {
				ALWAYS_SEARCH_USER_PATHS = NO;
				CLANG_ANALYZER_NONNULL = YES;
				CLANG_ANALYZER_NUMBER_OBJECT_CONVERSION = YES_AGGRESSIVE;
				CLANG_CXX_LANGUAGE_STANDARD = "gnu++14";
				CLANG_CXX_LIBRARY = "libc++";
				CLANG_ENABLE_MODULES = YES;
				CLANG_ENABLE_OBJC_ARC = YES;
				CLANG_WARN_BLOCK_CAPTURE_AUTORELEASING = YES;
				CLANG_WARN_BOOL_CONVERSION = YES;
				CLANG_WARN_COMMA = YES;
				CLANG_WARN_CONSTANT_CONVERSION = YES;
				CLANG_WARN_DIRECT_OBJC_ISA_USAGE = YES_ERROR;
				CLANG_WARN_DOCUMENTATION_COMMENTS = YES;
				CLANG_WARN_EMPTY_BODY = YES;
				CLANG_WARN_ENUM_CONVERSION = YES;
				CLANG_WARN_INFINITE_RECURSION = YES;
				CLANG_WARN_INT_CONVERSION = YES;
				CLANG_WARN_NON_LITERAL_NULL_CONVERSION = YES;
				CLANG_WARN_OBJC_LITERAL_CONVERSION = YES;
				CLANG_WARN_OBJC_ROOT_CLASS = YES_ERROR;
				CLANG_WARN_RANGE_LOOP_ANALYSIS = YES;
				CLANG_WARN_STRICT_PROTOTYPES = YES;
				CLANG_WARN_SUSPICIOUS_MOVE = YES;
				CLANG_WARN_UNGUARDED_AVAILABILITY = YES_AGGRESSIVE;
				CLANG_WARN_UNREACHABLE_CODE = YES;
				CLANG_WARN__DUPLICATE_METHOD_MATCH = YES;
				CODE_SIGN_IDENTITY = "iPhone Developer";
				COPY_PHASE_STRIP = NO;
				DEBUG_INFORMATION_FORMAT = dwarf;
				ENABLE_STRICT_OBJC_MSGSEND = YES;
				ENABLE_TESTABILITY = YES;
				GCC_C_LANGUAGE_STANDARD = gnu11;
				GCC_DYNAMIC_NO_PIC = NO;
				GCC_NO_COMMON_BLOCKS = YES;
				GCC_OPTIMIZATION_LEVEL = 0;
				GCC_PREPROCESSOR_DEFINITIONS = (
					"DEBUG=1",
					"$(inherited)",
				);
				GCC_WARN_64_TO_32_BIT_CONVERSION = YES;
				GCC_WARN_ABOUT_RETURN_TYPE = YES_ERROR;
				GCC_WARN_UNDECLARED_SELECTOR = YES;
				GCC_WARN_UNINITIALIZED_AUTOS = YES_AGGRESSIVE;
				GCC_WARN_UNUSED_FUNCTION = YES;
				GCC_WARN_UNUSED_VARIABLE = YES;
				IPHONEOS_DEPLOYMENT_TARGET = 11.2;
				MTL_ENABLE_DEBUG_INFO = YES;
				ONLY_ACTIVE_ARCH = YES;
				SDKROOT = iphoneos;
				SWIFT_ACTIVE_COMPILATION_CONDITIONS = DEBUG;
				SWIFT_OPTIMIZATION_LEVEL = "-Onone";
			};
			name = Debug;
		};
		09419F7D2062F65000A53AE7 /* Release */ = {
			isa = XCBuildConfiguration;
			buildSettings = {
				ALWAYS_SEARCH_USER_PATHS = NO;
				CLANG_ANALYZER_NONNULL = YES;
				CLANG_ANALYZER_NUMBER_OBJECT_CONVERSION = YES_AGGRESSIVE;
				CLANG_CXX_LANGUAGE_STANDARD = "gnu++14";
				CLANG_CXX_LIBRARY = "libc++";
				CLANG_ENABLE_MODULES = YES;
				CLANG_ENABLE_OBJC_ARC = YES;
				CLANG_WARN_BLOCK_CAPTURE_AUTORELEASING = YES;
				CLANG_WARN_BOOL_CONVERSION = YES;
				CLANG_WARN_COMMA = YES;
				CLANG_WARN_CONSTANT_CONVERSION = YES;
				CLANG_WARN_DIRECT_OBJC_ISA_USAGE = YES_ERROR;
				CLANG_WARN_DOCUMENTATION_COMMENTS = YES;
				CLANG_WARN_EMPTY_BODY = YES;
				CLANG_WARN_ENUM_CONVERSION = YES;
				CLANG_WARN_INFINITE_RECURSION = YES;
				CLANG_WARN_INT_CONVERSION = YES;
				CLANG_WARN_NON_LITERAL_NULL_CONVERSION = YES;
				CLANG_WARN_OBJC_LITERAL_CONVERSION = YES;
				CLANG_WARN_OBJC_ROOT_CLASS = YES_ERROR;
				CLANG_WARN_RANGE_LOOP_ANALYSIS = YES;
				CLANG_WARN_STRICT_PROTOTYPES = YES;
				CLANG_WARN_SUSPICIOUS_MOVE = YES;
				CLANG_WARN_UNGUARDED_AVAILABILITY = YES_AGGRESSIVE;
				CLANG_WARN_UNREACHABLE_CODE = YES;
				CLANG_WARN__DUPLICATE_METHOD_MATCH = YES;
				CODE_SIGN_IDENTITY = "iPhone Developer";
				COPY_PHASE_STRIP = NO;
				DEBUG_INFORMATION_FORMAT = "dwarf-with-dsym";
				ENABLE_NS_ASSERTIONS = NO;
				ENABLE_STRICT_OBJC_MSGSEND = YES;
				GCC_C_LANGUAGE_STANDARD = gnu11;
				GCC_NO_COMMON_BLOCKS = YES;
				GCC_WARN_64_TO_32_BIT_CONVERSION = YES;
				GCC_WARN_ABOUT_RETURN_TYPE = YES_ERROR;
				GCC_WARN_UNDECLARED_SELECTOR = YES;
				GCC_WARN_UNINITIALIZED_AUTOS = YES_AGGRESSIVE;
				GCC_WARN_UNUSED_FUNCTION = YES;
				GCC_WARN_UNUSED_VARIABLE = YES;
				IPHONEOS_DEPLOYMENT_TARGET = 11.2;
				MTL_ENABLE_DEBUG_INFO = NO;
				SDKROOT = iphoneos;
				SWIFT_OPTIMIZATION_LEVEL = "-Owholemodule";
				VALIDATE_PRODUCT = YES;
			};
			name = Release;
		};
		09419F7F2062F65000A53AE7 /* Debug */ = {
			isa = XCBuildConfiguration;
			buildSettings = {
				ASSETCATALOG_COMPILER_APPICON_NAME = AppIcon;
				CODE_SIGN_STYLE = Automatic;
				DEVELOPMENT_TEAM = TG868JT2ZH;
				FRAMEWORK_SEARCH_PATHS = (
					"$(SRCROOT)/../native/build/konan/bin/iphone_sim",
					"$(SRCROOT)/../native/build/konan/bin/iphone/**",
				);
				INFOPLIST_FILE = "Pistachio-iOS Example/Info.plist";
				LD_RUNPATH_SEARCH_PATHS = "$(inherited) @executable_path/Frameworks";
				PRODUCT_BUNDLE_IDENTIFIER = "com.synappticlabs.Pistachio-iOS-Example";
				PRODUCT_NAME = "$(TARGET_NAME)";
				SWIFT_VERSION = 4.0;
				TARGETED_DEVICE_FAMILY = "1,2";
			};
			name = Debug;
		};
		09419F802062F65000A53AE7 /* Release */ = {
			isa = XCBuildConfiguration;
			buildSettings = {
				ASSETCATALOG_COMPILER_APPICON_NAME = AppIcon;
				CODE_SIGN_STYLE = Automatic;
				DEVELOPMENT_TEAM = TG868JT2ZH;
				FRAMEWORK_SEARCH_PATHS = (
					"$(SRCROOT)/../native/build/konan/bin/iphone_sim",
					"$(SRCROOT)/../native/build/konan/bin/iphone/**",
				);
				INFOPLIST_FILE = "Pistachio-iOS Example/Info.plist";
				LD_RUNPATH_SEARCH_PATHS = "$(inherited) @executable_path/Frameworks";
				PRODUCT_BUNDLE_IDENTIFIER = "com.synappticlabs.Pistachio-iOS-Example";
				PRODUCT_NAME = "$(TARGET_NAME)";
				SWIFT_VERSION = 4.0;
				TARGETED_DEVICE_FAMILY = "1,2";
			};
			name = Release;
		};
		09419F822062F65000A53AE7 /* Debug */ = {
			isa = XCBuildConfiguration;
			buildSettings = {
				ALWAYS_EMBED_SWIFT_STANDARD_LIBRARIES = YES;
				BUNDLE_LOADER = "$(TEST_HOST)";
				CODE_SIGN_STYLE = Automatic;
				DEVELOPMENT_TEAM = TG868JT2ZH;
				INFOPLIST_FILE = "Pistachio-iOS ExampleTests/Info.plist";
				LD_RUNPATH_SEARCH_PATHS = "$(inherited) @executable_path/Frameworks @loader_path/Frameworks";
				PRODUCT_BUNDLE_IDENTIFIER = "com.synappticlabs.Pistachio-iOS-ExampleTests";
				PRODUCT_NAME = "$(TARGET_NAME)";
				SWIFT_VERSION = 4.0;
				TARGETED_DEVICE_FAMILY = "1,2";
				TEST_HOST = "$(BUILT_PRODUCTS_DIR)/Pistachio-iOS Example.app/Pistachio-iOS Example";
			};
			name = Debug;
		};
		09419F832062F65000A53AE7 /* Release */ = {
			isa = XCBuildConfiguration;
			buildSettings = {
				ALWAYS_EMBED_SWIFT_STANDARD_LIBRARIES = YES;
				BUNDLE_LOADER = "$(TEST_HOST)";
				CODE_SIGN_STYLE = Automatic;
				DEVELOPMENT_TEAM = TG868JT2ZH;
				INFOPLIST_FILE = "Pistachio-iOS ExampleTests/Info.plist";
				LD_RUNPATH_SEARCH_PATHS = "$(inherited) @executable_path/Frameworks @loader_path/Frameworks";
				PRODUCT_BUNDLE_IDENTIFIER = "com.synappticlabs.Pistachio-iOS-ExampleTests";
				PRODUCT_NAME = "$(TARGET_NAME)";
				SWIFT_VERSION = 4.0;
				TARGETED_DEVICE_FAMILY = "1,2";
				TEST_HOST = "$(BUILT_PRODUCTS_DIR)/Pistachio-iOS Example.app/Pistachio-iOS Example";
			};
			name = Release;
		};
/* End XCBuildConfiguration section */

/* Begin XCConfigurationList section */
		09419F5C2062F65000A53AE7 /* Build configuration list for PBXProject "Pistachio-iOS Example" */ = {
			isa = XCConfigurationList;
			buildConfigurations = (
				09419F7C2062F65000A53AE7 /* Debug */,
				09419F7D2062F65000A53AE7 /* Release */,
			);
			defaultConfigurationIsVisible = 0;
			defaultConfigurationName = Release;
		};
		09419F7E2062F65000A53AE7 /* Build configuration list for PBXNativeTarget "Pistachio-iOS Example" */ = {
			isa = XCConfigurationList;
			buildConfigurations = (
				09419F7F2062F65000A53AE7 /* Debug */,
				09419F802062F65000A53AE7 /* Release */,
			);
			defaultConfigurationIsVisible = 0;
			defaultConfigurationName = Release;
		};
		09419F812062F65000A53AE7 /* Build configuration list for PBXNativeTarget "Pistachio-iOS ExampleTests" */ = {
			isa = XCConfigurationList;
			buildConfigurations = (
				09419F822062F65000A53AE7 /* Debug */,
				09419F832062F65000A53AE7 /* Release */,
			);
			defaultConfigurationIsVisible = 0;
			defaultConfigurationName = Release;
		};
/* End XCConfigurationList section */
	};
	rootObject = 09419F592062F65000A53AE7 /* Project object */;
}
